
Microsoft Visual Studio Solution File, Format Version 12.00
# Visual Studio Version 17
VisualStudioVersion = 17.1.32414.318
MinimumVisualStudioVersion = 10.0.40219.1
Project("{FAE04EC0-301F-11D3-BF4B-00C04F79EFBC}") = "CMP1005-Calculator", "CMP1005-Calculator\CMP1005-Calculator.csproj", "{6EBD23AC-74A2-4180-8DA6-2D261B860A0E}"
EndProject
Project("{FAE04EC0-301F-11D3-BF4B-00C04F79EFBC}") = "Calculator-Logic", "Calculator-Logic\Calculator-Logic.csproj", "{00C5FA4C-D868-4399-8867-3CA4A4AB3237}"
EndProject
Project("{FAE04EC0-301F-11D3-BF4B-00C04F79EFBC}") = "Calculator-tests", "Calculator-tests\Calculator-tests.csproj", "{2232EADD-F2CE-4D87-8406-9E8FDFB2737F}"
EndProject
Global
	GlobalSection(SolutionConfigurationPlatforms) = preSolution
		Debug|Any CPU = Debug|Any CPU
		Release|Any CPU = Release|Any CPU
	EndGlobalSection
	GlobalSection(ProjectConfigurationPlatforms) = postSolution
		{6EBD23AC-74A2-4180-8DA6-2D261B860A0E}.Debug|Any CPU.ActiveCfg = Debug|Any CPU
		{6EBD23AC-74A2-4180-8DA6-2D261B860A0E}.Debug|Any CPU.Build.0 = Debug|Any CPU
		{6EBD23AC-74A2-4180-8DA6-2D261B860A0E}.Release|Any CPU.ActiveCfg = Release|Any CPU
		{6EBD23AC-74A2-4180-8DA6-2D261B860A0E}.Release|Any CPU.Build.0 = Release|Any CPU
		{00C5FA4C-D868-4399-8867-3CA4A4AB3237}.Debug|Any CPU.ActiveCfg = Debug|Any CPU
		{00C5FA4C-D868-4399-8867-3CA4A4AB3237}.Debug|Any CPU.Build.0 = Debug|Any CPU
		{00C5FA4C-D868-4399-8867-3CA4A4AB3237}.Release|Any CPU.ActiveCfg = Release|Any CPU
		{00C5FA4C-D868-4399-8867-3CA4A4AB3237}.Release|Any CPU.Build.0 = Release|Any CPU
		{2232EADD-F2CE-4D87-8406-9E8FDFB2737F}.Debug|Any CPU.ActiveCfg = Debug|Any CPU
		{2232EADD-F2CE-4D87-8406-9E8FDFB2737F}.Debug|Any CPU.Build.0 = Debug|Any CPU
		{2232EADD-F2CE-4D87-8406-9E8FDFB2737F}.Release|Any CPU.ActiveCfg = Release|Any CPU
		{2232EADD-F2CE-4D87-8406-9E8FDFB2737F}.Release|Any CPU.Build.0 = Release|Any CPU
	EndGlobalSection
	GlobalSection(SolutionProperties) = preSolution
		HideSolutionNode = FALSE
	EndGlobalSection
	GlobalSection(ExtensibilityGlobals) = postSolution
		SolutionGuid = {082D75EA-8EEC-4F49-B924-5941538080C5}
	EndGlobalSection
EndGlobal
